
Microsoft Visual Studio Solution File, Format Version 12.00
# Visual Studio Version 17
VisualStudioVersion = 17.9.34902.65
MinimumVisualStudioVersion = 10.0.40219.1
Project("{9A19103F-16F7-4668-BE54-9A1E7A4F7556}") = "WebApplication1", "WebApplication1\WebApplication1.csproj", "{87B60328-918E-4132-A87A-F7CB7DE7DB80}"
EndProject
Project("{FAE04EC0-301F-11D3-BF4B-00C04F79EFBC}") = "UnitTest", "UnitTest\UnitTest.csproj", "{1CC0E6AC-E44F-4E25-838E-A37139FC6C91}"
EndProject
Global
	GlobalSection(SolutionConfigurationPlatforms) = preSolution
		Debug|Any CPU = Debug|Any CPU
		Release|Any CPU = Release|Any CPU
	EndGlobalSection
	GlobalSection(ProjectConfigurationPlatforms) = postSolution
		{87B60328-918E-4132-A87A-F7CB7DE7DB80}.Debug|Any CPU.ActiveCfg = Debug|Any CPU
		{87B60328-918E-4132-A87A-F7CB7DE7DB80}.Debug|Any CPU.Build.0 = Debug|Any CPU
		{87B60328-918E-4132-A87A-F7CB7DE7DB80}.Release|Any CPU.ActiveCfg = Release|Any CPU
		{87B60328-918E-4132-A87A-F7CB7DE7DB80}.Release|Any CPU.Build.0 = Release|Any CPU
		{1CC0E6AC-E44F-4E25-838E-A37139FC6C91}.Debug|Any CPU.ActiveCfg = Debug|Any CPU
		{1CC0E6AC-E44F-4E25-838E-A37139FC6C91}.Debug|Any CPU.Build.0 = Debug|Any CPU
		{1CC0E6AC-E44F-4E25-838E-A37139FC6C91}.Release|Any CPU.ActiveCfg = Release|Any CPU
		{1CC0E6AC-E44F-4E25-838E-A37139FC6C91}.Release|Any CPU.Build.0 = Release|Any CPU
	EndGlobalSection
	GlobalSection(SolutionProperties) = preSolution
		HideSolutionNode = FALSE
	EndGlobalSection
	GlobalSection(ExtensibilityGlobals) = postSolution
		SolutionGuid = {42D72255-644F-4D57-AB34-53E1B1A40BF8}
	EndGlobalSection
EndGlobal
